
Microsoft Visual Studio Solution File, Format Version 12.00
# Visual Studio 2017
Project("{FAE04EC0-301F-11D3-BF4B-00C04F79EFBC}") = "HololensLego", "HololensLego.csproj", "{248D93AE-1DFF-5493-B7A2-1D09F550F565}"
EndProject
Project("{FAE04EC0-301F-11D3-BF4B-00C04F79EFBC}") = "HololensLego.Editor", "HololensLego.Editor.csproj", "{40DE1E33-BEE7-4F39-2608-8DE15B012B34}"
EndProject
Global
	GlobalSection(SolutionConfigurationPlatforms) = preSolution
		Debug|Any CPU = Debug|Any CPU
		Release|Any CPU = Release|Any CPU
	EndGlobalSection
	GlobalSection(ProjectConfigurationPlatforms) = postSolution
		{248D93AE-1DFF-5493-B7A2-1D09F550F565}.Debug|Any CPU.ActiveCfg = Debug|Any CPU
		{248D93AE-1DFF-5493-B7A2-1D09F550F565}.Debug|Any CPU.Build.0 = Debug|Any CPU
		{248D93AE-1DFF-5493-B7A2-1D09F550F565}.Release|Any CPU.ActiveCfg = Release|Any CPU
		{248D93AE-1DFF-5493-B7A2-1D09F550F565}.Release|Any CPU.Build.0 = Release|Any CPU
		{40DE1E33-BEE7-4F39-2608-8DE15B012B34}.Debug|Any CPU.ActiveCfg = Debug|Any CPU
		{40DE1E33-BEE7-4F39-2608-8DE15B012B34}.Debug|Any CPU.Build.0 = Debug|Any CPU
		{40DE1E33-BEE7-4F39-2608-8DE15B012B34}.Release|Any CPU.ActiveCfg = Release|Any CPU
		{40DE1E33-BEE7-4F39-2608-8DE15B012B34}.Release|Any CPU.Build.0 = Release|Any CPU
	EndGlobalSection
	GlobalSection(SolutionProperties) = preSolution
		HideSolutionNode = FALSE
	EndGlobalSection
EndGlobal
