
Microsoft Visual Studio Solution File, Format Version 12.00
# Visual Studio 2017
Project("{FAE04EC0-301F-11D3-BF4B-00C04F79EFBC}") = "Lego", "Lego.csproj", "{834E43E6-4AB6-D2BA-E738-107F4B9B9993}"
EndProject
Project("{FAE04EC0-301F-11D3-BF4B-00C04F79EFBC}") = "Lego", "Assembly-CSharp-Editor.csproj", "{4F117EB8-C99F-7BDB-C3C6-8F8A68289373}"
EndProject
Global
	GlobalSection(SolutionConfigurationPlatforms) = preSolution
		Debug|Any CPU = Debug|Any CPU
		Release|Any CPU = Release|Any CPU
	EndGlobalSection
	GlobalSection(ProjectConfigurationPlatforms) = postSolution
<<<<<<< HEAD
		{834E43E6-4AB6-D2BA-E738-107F4B9B9993}.Debug|Any CPU.ActiveCfg = Debug|Any CPU
		{834E43E6-4AB6-D2BA-E738-107F4B9B9993}.Debug|Any CPU.Build.0 = Debug|Any CPU
		{834E43E6-4AB6-D2BA-E738-107F4B9B9993}.Release|Any CPU.ActiveCfg = Release|Any CPU
		{834E43E6-4AB6-D2BA-E738-107F4B9B9993}.Release|Any CPU.Build.0 = Release|Any CPU
=======
		{59B62FFC-0B1D-60D0-FB1E-D5E032D68A9B}.Debug|Any CPU.ActiveCfg = Debug|Any CPU
		{59B62FFC-0B1D-60D0-FB1E-D5E032D68A9B}.Debug|Any CPU.Build.0 = Debug|Any CPU
		{59B62FFC-0B1D-60D0-FB1E-D5E032D68A9B}.Release|Any CPU.ActiveCfg = Release|Any CPU
		{59B62FFC-0B1D-60D0-FB1E-D5E032D68A9B}.Release|Any CPU.Build.0 = Release|Any CPU
		{4F117EB8-C99F-7BDB-C3C6-8F8A68289373}.Debug|Any CPU.ActiveCfg = Debug|Any CPU
		{4F117EB8-C99F-7BDB-C3C6-8F8A68289373}.Debug|Any CPU.Build.0 = Debug|Any CPU
		{4F117EB8-C99F-7BDB-C3C6-8F8A68289373}.Release|Any CPU.ActiveCfg = Release|Any CPU
		{4F117EB8-C99F-7BDB-C3C6-8F8A68289373}.Release|Any CPU.Build.0 = Release|Any CPU
>>>>>>> 7fe30e85dba58cfae0dd9c9889ffc3dd3f86386a
	EndGlobalSection
	GlobalSection(SolutionProperties) = preSolution
		HideSolutionNode = FALSE
	EndGlobalSection
EndGlobal
