
Microsoft Visual Studio Solution File, Format Version 12.00
# Visual Studio 15
VisualStudioVersion = 15.0.26403.7
MinimumVisualStudioVersion = 10.0.40219.1
Project("{FAE04EC0-301F-11D3-BF4B-00C04F79EFBC}") = "Lego", "Lego\Lego.csproj", "{13A45C13-3265-47B8-BC48-A553B569DF55}"
EndProject
Project("{FAE04EC0-301F-11D3-BF4B-00C04F79EFBC}") = "Assembly-CSharp", "D:\Dropbox\torsa\Dropbox\Datalogi\Blok12\MobileComputing\yololens.git\UnityProjects\Lego\App\GeneratedProjects\UWP\Assembly-CSharp\Assembly-CSharp.csproj", "{01ADD914-76C1-4F77-B501-B6C460BCB336}"
EndProject
Project("{FAE04EC0-301F-11D3-BF4B-00C04F79EFBC}") = "Assembly-CSharp-firstpass", "D:\Dropbox\torsa\Dropbox\Datalogi\Blok12\MobileComputing\yololens.git\UnityProjects\Lego\App\GeneratedProjects\UWP\Assembly-CSharp-firstpass\Assembly-CSharp-firstpass.csproj", "{0D97CA35-3ABF-48B3-86BE-8BD1995E05E2}"
EndProject
Global
	GlobalSection(SolutionConfigurationPlatforms) = preSolution
		Debug|ARM = Debug|ARM
		Debug|x64 = Debug|x64
		Debug|x86 = Debug|x86
		Master|ARM = Master|ARM
		Master|x64 = Master|x64
		Master|x86 = Master|x86
		Release|ARM = Release|ARM
		Release|x64 = Release|x64
		Release|x86 = Release|x86
	EndGlobalSection
	GlobalSection(ProjectConfigurationPlatforms) = postSolution
		{13A45C13-3265-47B8-BC48-A553B569DF55}.Debug|ARM.ActiveCfg = Debug|ARM
		{13A45C13-3265-47B8-BC48-A553B569DF55}.Debug|ARM.Build.0 = Debug|ARM
		{13A45C13-3265-47B8-BC48-A553B569DF55}.Debug|ARM.Deploy.0 = Debug|ARM
		{13A45C13-3265-47B8-BC48-A553B569DF55}.Debug|x64.ActiveCfg = Debug|x64
		{13A45C13-3265-47B8-BC48-A553B569DF55}.Debug|x64.Build.0 = Debug|x64
		{13A45C13-3265-47B8-BC48-A553B569DF55}.Debug|x64.Deploy.0 = Debug|x64
		{13A45C13-3265-47B8-BC48-A553B569DF55}.Debug|x86.ActiveCfg = Debug|x86
		{13A45C13-3265-47B8-BC48-A553B569DF55}.Debug|x86.Build.0 = Debug|x86
		{13A45C13-3265-47B8-BC48-A553B569DF55}.Debug|x86.Deploy.0 = Debug|x86
		{13A45C13-3265-47B8-BC48-A553B569DF55}.Master|ARM.ActiveCfg = Master|ARM
		{13A45C13-3265-47B8-BC48-A553B569DF55}.Master|ARM.Build.0 = Master|ARM
		{13A45C13-3265-47B8-BC48-A553B569DF55}.Master|ARM.Deploy.0 = Master|ARM
		{13A45C13-3265-47B8-BC48-A553B569DF55}.Master|x64.ActiveCfg = Master|x64
		{13A45C13-3265-47B8-BC48-A553B569DF55}.Master|x64.Build.0 = Master|x64
		{13A45C13-3265-47B8-BC48-A553B569DF55}.Master|x64.Deploy.0 = Master|x64
		{13A45C13-3265-47B8-BC48-A553B569DF55}.Master|x86.ActiveCfg = Master|x86
		{13A45C13-3265-47B8-BC48-A553B569DF55}.Master|x86.Build.0 = Master|x86
		{13A45C13-3265-47B8-BC48-A553B569DF55}.Master|x86.Deploy.0 = Master|x86
		{13A45C13-3265-47B8-BC48-A553B569DF55}.Release|ARM.ActiveCfg = Release|ARM
		{13A45C13-3265-47B8-BC48-A553B569DF55}.Release|ARM.Build.0 = Release|ARM
		{13A45C13-3265-47B8-BC48-A553B569DF55}.Release|ARM.Deploy.0 = Release|ARM
		{13A45C13-3265-47B8-BC48-A553B569DF55}.Release|x64.ActiveCfg = Release|x64
		{13A45C13-3265-47B8-BC48-A553B569DF55}.Release|x64.Build.0 = Release|x64
		{13A45C13-3265-47B8-BC48-A553B569DF55}.Release|x64.Deploy.0 = Release|x64
		{13A45C13-3265-47B8-BC48-A553B569DF55}.Release|x86.ActiveCfg = Release|x86
		{13A45C13-3265-47B8-BC48-A553B569DF55}.Release|x86.Build.0 = Release|x86
		{13A45C13-3265-47B8-BC48-A553B569DF55}.Release|x86.Deploy.0 = Release|x86
		{01ADD914-76C1-4F77-B501-B6C460BCB336}.Debug|ARM.ActiveCfg = Debug|ARM
		{01ADD914-76C1-4F77-B501-B6C460BCB336}.Debug|ARM.Build.0 = Debug|ARM
		{01ADD914-76C1-4F77-B501-B6C460BCB336}.Debug|x64.ActiveCfg = Debug|x64
		{01ADD914-76C1-4F77-B501-B6C460BCB336}.Debug|x64.Build.0 = Debug|x64
		{01ADD914-76C1-4F77-B501-B6C460BCB336}.Debug|x86.ActiveCfg = Debug|x86
		{01ADD914-76C1-4F77-B501-B6C460BCB336}.Debug|x86.Build.0 = Debug|x86
		{01ADD914-76C1-4F77-B501-B6C460BCB336}.Master|ARM.ActiveCfg = Master|ARM
		{01ADD914-76C1-4F77-B501-B6C460BCB336}.Master|ARM.Build.0 = Master|ARM
		{01ADD914-76C1-4F77-B501-B6C460BCB336}.Master|x64.ActiveCfg = Master|x64
		{01ADD914-76C1-4F77-B501-B6C460BCB336}.Master|x64.Build.0 = Master|x64
		{01ADD914-76C1-4F77-B501-B6C460BCB336}.Master|x86.ActiveCfg = Master|x86
		{01ADD914-76C1-4F77-B501-B6C460BCB336}.Master|x86.Build.0 = Master|x86
		{01ADD914-76C1-4F77-B501-B6C460BCB336}.Release|ARM.ActiveCfg = Release|ARM
		{01ADD914-76C1-4F77-B501-B6C460BCB336}.Release|ARM.Build.0 = Release|ARM
		{01ADD914-76C1-4F77-B501-B6C460BCB336}.Release|x64.ActiveCfg = Release|x64
		{01ADD914-76C1-4F77-B501-B6C460BCB336}.Release|x64.Build.0 = Release|x64
		{01ADD914-76C1-4F77-B501-B6C460BCB336}.Release|x86.ActiveCfg = Release|x86
		{01ADD914-76C1-4F77-B501-B6C460BCB336}.Release|x86.Build.0 = Release|x86
		{0D97CA35-3ABF-48B3-86BE-8BD1995E05E2}.Debug|ARM.ActiveCfg = Debug|ARM
		{0D97CA35-3ABF-48B3-86BE-8BD1995E05E2}.Debug|ARM.Build.0 = Debug|ARM
		{0D97CA35-3ABF-48B3-86BE-8BD1995E05E2}.Debug|x64.ActiveCfg = Debug|x64
		{0D97CA35-3ABF-48B3-86BE-8BD1995E05E2}.Debug|x64.Build.0 = Debug|x64
		{0D97CA35-3ABF-48B3-86BE-8BD1995E05E2}.Debug|x86.ActiveCfg = Debug|x86
		{0D97CA35-3ABF-48B3-86BE-8BD1995E05E2}.Debug|x86.Build.0 = Debug|x86
		{0D97CA35-3ABF-48B3-86BE-8BD1995E05E2}.Master|ARM.ActiveCfg = Master|ARM
		{0D97CA35-3ABF-48B3-86BE-8BD1995E05E2}.Master|ARM.Build.0 = Master|ARM
		{0D97CA35-3ABF-48B3-86BE-8BD1995E05E2}.Master|x64.ActiveCfg = Master|x64
		{0D97CA35-3ABF-48B3-86BE-8BD1995E05E2}.Master|x64.Build.0 = Master|x64
		{0D97CA35-3ABF-48B3-86BE-8BD1995E05E2}.Master|x86.ActiveCfg = Master|x86
		{0D97CA35-3ABF-48B3-86BE-8BD1995E05E2}.Master|x86.Build.0 = Master|x86
		{0D97CA35-3ABF-48B3-86BE-8BD1995E05E2}.Release|ARM.ActiveCfg = Release|ARM
		{0D97CA35-3ABF-48B3-86BE-8BD1995E05E2}.Release|ARM.Build.0 = Release|ARM
		{0D97CA35-3ABF-48B3-86BE-8BD1995E05E2}.Release|x64.ActiveCfg = Release|x64
		{0D97CA35-3ABF-48B3-86BE-8BD1995E05E2}.Release|x64.Build.0 = Release|x64
		{0D97CA35-3ABF-48B3-86BE-8BD1995E05E2}.Release|x86.ActiveCfg = Release|x86
		{0D97CA35-3ABF-48B3-86BE-8BD1995E05E2}.Release|x86.Build.0 = Release|x86
	EndGlobalSection
	GlobalSection(SolutionProperties) = preSolution
		HideSolutionNode = FALSE
	EndGlobalSection
EndGlobal
